
Microsoft Visual Studio Solution File, Format Version 12.00
# Visual Studio Version 17
VisualStudioVersion = 17.0.31903.59
MinimumVisualStudioVersion = 10.0.40219.1
Project("{2150E333-8FDC-42A3-9474-1A3956D46DE8}") = "src", "src", "{827E0CD3-B72D-47B6-A68D-7590B98EB39B}"
EndProject
Project("{2150E333-8FDC-42A3-9474-1A3956D46DE8}") = "tests", "tests", "{8BC9CEB8-8B4A-11D0-8D11-00A0C91BC942}"
EndProject
Project("{FAE04EC0-301F-11D3-BF4B-00C04F79EFBC}") = "ClercqIt.Api", "src\ClercqIt.Api\ClercqIt.Api.csproj", "{E30B8BA7-CDCD-413B-8EED-BC177BC89A70}"
EndProject
Project("{FAE04EC0-301F-11D3-BF4B-00C04F79EFBC}") = "ClercqIt.Api.Tests", "tests\ClercqIt.Api.Tests\ClercqIt.Api.Tests.csproj", "{B15B5B86-9B4A-43D8-AAFE-C5D1B3A4E2AF}"
EndProject
Project("{FAE04EC0-301F-11D3-BF4B-00C04F79EFBC}") = "Clercq.It.Domain", "src\Clercq.It.Domain\Clercq.It.Domain.csproj", "{73728E71-AFBD-4F9F-9D88-ADDACC7277F2}"
EndProject
Project("{FAE04EC0-301F-11D3-BF4B-00C04F79EFBC}") = "Clercq.It.Application", "src\Clercq.It.Application\Clercq.It.Application.csproj", "{FE2BF735-B1C4-4CAD-B32B-28C7B2F61026}"
EndProject
Project("{FAE04EC0-301F-11D3-BF4B-00C04F79EFBC}") = "Clercq.It.Infrastructure", "src\Clercq.It.Infrastructure\Clercq.It.Infrastructure.csproj", "{88E1F112-4CD1-4FD7-9442-60ABA39A7682}"
EndProject
Project("{FAE04EC0-301F-11D3-BF4B-00C04F79EFBC}") = "Clercq.It.AppHost", "src\Clercq.It.AppHost\Clercq.It.AppHost.csproj", "{462036CA-CD18-4A0A-8F54-A1D003961177}"
EndProject
Project("{FAE04EC0-301F-11D3-BF4B-00C04F79EFBC}") = "Clercq.It.ServiceDefaults", "src\Clercq.It.ServiceDefaults\Clercq.It.ServiceDefaults.csproj", "{742F7D2C-9BBF-4105-90B5-F8304E55CE7D}"
EndProject
Project("{FAE04EC0-301F-11D3-BF4B-00C04F79EFBC}") = "Clercq.It.Application.Tests", "tests\Clercq.It.Application.Tests\Clercq.It.Application.Tests.csproj", "{07E313BC-8423-49D8-9F9A-B817E3AB5BEA}"
EndProject
Project("{FAE04EC0-301F-11D3-BF4B-00C04F79EFBC}") = "Clercq.It.Domain.Tests", "tests\Clercq.It.Domain.Tests\Clercq.It.Domain.Tests.csproj", "{AC9D5FC3-9E84-4C2E-ACDC-D5F6CB2DA43A}"
EndProject
Project("{FAE04EC0-301F-11D3-BF4B-00C04F79EFBC}") = "Clercq.It.Infrastructure.EF.Migrations", "src\Clercq.It.Infrastructure.EF.Migrations\Clercq.It.Infrastructure.EF.Migrations.csproj", "{43707BE0-053B-49C9-BB33-A830A67C8D97}"
EndProject
Global
	GlobalSection(SolutionConfigurationPlatforms) = preSolution
		Debug|Any CPU = Debug|Any CPU
		Debug|x64 = Debug|x64
		Debug|x86 = Debug|x86
		Release|Any CPU = Release|Any CPU
		Release|x64 = Release|x64
		Release|x86 = Release|x86
	EndGlobalSection
	GlobalSection(ProjectConfigurationPlatforms) = postSolution
		{E30B8BA7-CDCD-413B-8EED-BC177BC89A70}.Debug|Any CPU.ActiveCfg = Debug|Any CPU
		{E30B8BA7-CDCD-413B-8EED-BC177BC89A70}.Debug|Any CPU.Build.0 = Debug|Any CPU
		{E30B8BA7-CDCD-413B-8EED-BC177BC89A70}.Debug|x64.ActiveCfg = Debug|Any CPU
		{E30B8BA7-CDCD-413B-8EED-BC177BC89A70}.Debug|x64.Build.0 = Debug|Any CPU
		{E30B8BA7-CDCD-413B-8EED-BC177BC89A70}.Debug|x86.ActiveCfg = Debug|Any CPU
		{E30B8BA7-CDCD-413B-8EED-BC177BC89A70}.Debug|x86.Build.0 = Debug|Any CPU
		{E30B8BA7-CDCD-413B-8EED-BC177BC89A70}.Release|Any CPU.ActiveCfg = Release|Any CPU
		{E30B8BA7-CDCD-413B-8EED-BC177BC89A70}.Release|Any CPU.Build.0 = Release|Any CPU
		{E30B8BA7-CDCD-413B-8EED-BC177BC89A70}.Release|x64.ActiveCfg = Release|Any CPU
		{E30B8BA7-CDCD-413B-8EED-BC177BC89A70}.Release|x64.Build.0 = Release|Any CPU
		{E30B8BA7-CDCD-413B-8EED-BC177BC89A70}.Release|x86.ActiveCfg = Release|Any CPU
		{E30B8BA7-CDCD-413B-8EED-BC177BC89A70}.Release|x86.Build.0 = Release|Any CPU
		{B15B5B86-9B4A-43D8-AAFE-C5D1B3A4E2AF}.Debug|Any CPU.ActiveCfg = Debug|Any CPU
		{B15B5B86-9B4A-43D8-AAFE-C5D1B3A4E2AF}.Debug|Any CPU.Build.0 = Debug|Any CPU
		{B15B5B86-9B4A-43D8-AAFE-C5D1B3A4E2AF}.Debug|x64.ActiveCfg = Debug|Any CPU
		{B15B5B86-9B4A-43D8-AAFE-C5D1B3A4E2AF}.Debug|x64.Build.0 = Debug|Any CPU
		{B15B5B86-9B4A-43D8-AAFE-C5D1B3A4E2AF}.Debug|x86.ActiveCfg = Debug|Any CPU
		{B15B5B86-9B4A-43D8-AAFE-C5D1B3A4E2AF}.Debug|x86.Build.0 = Debug|Any CPU
		{B15B5B86-9B4A-43D8-AAFE-C5D1B3A4E2AF}.Release|Any CPU.ActiveCfg = Release|Any CPU
		{B15B5B86-9B4A-43D8-AAFE-C5D1B3A4E2AF}.Release|Any CPU.Build.0 = Release|Any CPU
		{B15B5B86-9B4A-43D8-AAFE-C5D1B3A4E2AF}.Release|x64.ActiveCfg = Release|Any CPU
		{B15B5B86-9B4A-43D8-AAFE-C5D1B3A4E2AF}.Release|x64.Build.0 = Release|Any CPU
		{B15B5B86-9B4A-43D8-AAFE-C5D1B3A4E2AF}.Release|x86.ActiveCfg = Release|Any CPU
		{B15B5B86-9B4A-43D8-AAFE-C5D1B3A4E2AF}.Release|x86.Build.0 = Release|Any CPU
		{73728E71-AFBD-4F9F-9D88-ADDACC7277F2}.Debug|Any CPU.ActiveCfg = Debug|Any CPU
		{73728E71-AFBD-4F9F-9D88-ADDACC7277F2}.Debug|Any CPU.Build.0 = Debug|Any CPU
		{73728E71-AFBD-4F9F-9D88-ADDACC7277F2}.Debug|x64.ActiveCfg = Debug|Any CPU
		{73728E71-AFBD-4F9F-9D88-ADDACC7277F2}.Debug|x64.Build.0 = Debug|Any CPU
		{73728E71-AFBD-4F9F-9D88-ADDACC7277F2}.Debug|x86.ActiveCfg = Debug|Any CPU
		{73728E71-AFBD-4F9F-9D88-ADDACC7277F2}.Debug|x86.Build.0 = Debug|Any CPU
		{73728E71-AFBD-4F9F-9D88-ADDACC7277F2}.Release|Any CPU.ActiveCfg = Release|Any CPU
		{73728E71-AFBD-4F9F-9D88-ADDACC7277F2}.Release|Any CPU.Build.0 = Release|Any CPU
		{73728E71-AFBD-4F9F-9D88-ADDACC7277F2}.Release|x64.ActiveCfg = Release|Any CPU
		{73728E71-AFBD-4F9F-9D88-ADDACC7277F2}.Release|x64.Build.0 = Release|Any CPU
		{73728E71-AFBD-4F9F-9D88-ADDACC7277F2}.Release|x86.ActiveCfg = Release|Any CPU
		{73728E71-AFBD-4F9F-9D88-ADDACC7277F2}.Release|x86.Build.0 = Release|Any CPU
		{FE2BF735-B1C4-4CAD-B32B-28C7B2F61026}.Debug|Any CPU.ActiveCfg = Debug|Any CPU
		{FE2BF735-B1C4-4CAD-B32B-28C7B2F61026}.Debug|Any CPU.Build.0 = Debug|Any CPU
		{FE2BF735-B1C4-4CAD-B32B-28C7B2F61026}.Debug|x64.ActiveCfg = Debug|Any CPU
		{FE2BF735-B1C4-4CAD-B32B-28C7B2F61026}.Debug|x64.Build.0 = Debug|Any CPU
		{FE2BF735-B1C4-4CAD-B32B-28C7B2F61026}.Debug|x86.ActiveCfg = Debug|Any CPU
		{FE2BF735-B1C4-4CAD-B32B-28C7B2F61026}.Debug|x86.Build.0 = Debug|Any CPU
		{FE2BF735-B1C4-4CAD-B32B-28C7B2F61026}.Release|Any CPU.ActiveCfg = Release|Any CPU
		{FE2BF735-B1C4-4CAD-B32B-28C7B2F61026}.Release|Any CPU.Build.0 = Release|Any CPU
		{FE2BF735-B1C4-4CAD-B32B-28C7B2F61026}.Release|x64.ActiveCfg = Release|Any CPU
		{FE2BF735-B1C4-4CAD-B32B-28C7B2F61026}.Release|x64.Build.0 = Release|Any CPU
		{FE2BF735-B1C4-4CAD-B32B-28C7B2F61026}.Release|x86.ActiveCfg = Release|Any CPU
		{FE2BF735-B1C4-4CAD-B32B-28C7B2F61026}.Release|x86.Build.0 = Release|Any CPU
		{88E1F112-4CD1-4FD7-9442-60ABA39A7682}.Debug|Any CPU.ActiveCfg = Debug|Any CPU
		{88E1F112-4CD1-4FD7-9442-60ABA39A7682}.Debug|Any CPU.Build.0 = Debug|Any CPU
		{88E1F112-4CD1-4FD7-9442-60ABA39A7682}.Debug|x64.ActiveCfg = Debug|Any CPU
		{88E1F112-4CD1-4FD7-9442-60ABA39A7682}.Debug|x64.Build.0 = Debug|Any CPU
		{88E1F112-4CD1-4FD7-9442-60ABA39A7682}.Debug|x86.ActiveCfg = Debug|Any CPU
		{88E1F112-4CD1-4FD7-9442-60ABA39A7682}.Debug|x86.Build.0 = Debug|Any CPU
		{88E1F112-4CD1-4FD7-9442-60ABA39A7682}.Release|Any CPU.ActiveCfg = Release|Any CPU
		{88E1F112-4CD1-4FD7-9442-60ABA39A7682}.Release|Any CPU.Build.0 = Release|Any CPU
		{88E1F112-4CD1-4FD7-9442-60ABA39A7682}.Release|x64.ActiveCfg = Release|Any CPU
		{88E1F112-4CD1-4FD7-9442-60ABA39A7682}.Release|x64.Build.0 = Release|Any CPU
		{88E1F112-4CD1-4FD7-9442-60ABA39A7682}.Release|x86.ActiveCfg = Release|Any CPU
		{88E1F112-4CD1-4FD7-9442-60ABA39A7682}.Release|x86.Build.0 = Release|Any CPU
		{462036CA-CD18-4A0A-8F54-A1D003961177}.Debug|Any CPU.ActiveCfg = Debug|Any CPU
		{462036CA-CD18-4A0A-8F54-A1D003961177}.Debug|Any CPU.Build.0 = Debug|Any CPU
		{462036CA-CD18-4A0A-8F54-A1D003961177}.Debug|x64.ActiveCfg = Debug|Any CPU
		{462036CA-CD18-4A0A-8F54-A1D003961177}.Debug|x64.Build.0 = Debug|Any CPU
		{462036CA-CD18-4A0A-8F54-A1D003961177}.Debug|x86.ActiveCfg = Debug|Any CPU
		{462036CA-CD18-4A0A-8F54-A1D003961177}.Debug|x86.Build.0 = Debug|Any CPU
		{462036CA-CD18-4A0A-8F54-A1D003961177}.Release|Any CPU.ActiveCfg = Release|Any CPU
		{462036CA-CD18-4A0A-8F54-A1D003961177}.Release|Any CPU.Build.0 = Release|Any CPU
		{462036CA-CD18-4A0A-8F54-A1D003961177}.Release|x64.ActiveCfg = Release|Any CPU
		{462036CA-CD18-4A0A-8F54-A1D003961177}.Release|x64.Build.0 = Release|Any CPU
		{462036CA-CD18-4A0A-8F54-A1D003961177}.Release|x86.ActiveCfg = Release|Any CPU
		{462036CA-CD18-4A0A-8F54-A1D003961177}.Release|x86.Build.0 = Release|Any CPU
		{742F7D2C-9BBF-4105-90B5-F8304E55CE7D}.Debug|Any CPU.ActiveCfg = Debug|Any CPU
		{742F7D2C-9BBF-4105-90B5-F8304E55CE7D}.Debug|Any CPU.Build.0 = Debug|Any CPU
		{742F7D2C-9BBF-4105-90B5-F8304E55CE7D}.Debug|x64.ActiveCfg = Debug|Any CPU
		{742F7D2C-9BBF-4105-90B5-F8304E55CE7D}.Debug|x64.Build.0 = Debug|Any CPU
		{742F7D2C-9BBF-4105-90B5-F8304E55CE7D}.Debug|x86.ActiveCfg = Debug|Any CPU
		{742F7D2C-9BBF-4105-90B5-F8304E55CE7D}.Debug|x86.Build.0 = Debug|Any CPU
		{742F7D2C-9BBF-4105-90B5-F8304E55CE7D}.Release|Any CPU.ActiveCfg = Release|Any CPU
		{742F7D2C-9BBF-4105-90B5-F8304E55CE7D}.Release|Any CPU.Build.0 = Release|Any CPU
		{742F7D2C-9BBF-4105-90B5-F8304E55CE7D}.Release|x64.ActiveCfg = Release|Any CPU
		{742F7D2C-9BBF-4105-90B5-F8304E55CE7D}.Release|x64.Build.0 = Release|Any CPU
		{742F7D2C-9BBF-4105-90B5-F8304E55CE7D}.Release|x86.ActiveCfg = Release|Any CPU
		{742F7D2C-9BBF-4105-90B5-F8304E55CE7D}.Release|x86.Build.0 = Release|Any CPU
		{07E313BC-8423-49D8-9F9A-B817E3AB5BEA}.Debug|Any CPU.ActiveCfg = Debug|Any CPU
		{07E313BC-8423-49D8-9F9A-B817E3AB5BEA}.Debug|Any CPU.Build.0 = Debug|Any CPU
		{07E313BC-8423-49D8-9F9A-B817E3AB5BEA}.Debug|x64.ActiveCfg = Debug|Any CPU
		{07E313BC-8423-49D8-9F9A-B817E3AB5BEA}.Debug|x64.Build.0 = Debug|Any CPU
		{07E313BC-8423-49D8-9F9A-B817E3AB5BEA}.Debug|x86.ActiveCfg = Debug|Any CPU
		{07E313BC-8423-49D8-9F9A-B817E3AB5BEA}.Debug|x86.Build.0 = Debug|Any CPU
		{07E313BC-8423-49D8-9F9A-B817E3AB5BEA}.Release|Any CPU.ActiveCfg = Release|Any CPU
		{07E313BC-8423-49D8-9F9A-B817E3AB5BEA}.Release|Any CPU.Build.0 = Release|Any CPU
		{07E313BC-8423-49D8-9F9A-B817E3AB5BEA}.Release|x64.ActiveCfg = Release|Any CPU
		{07E313BC-8423-49D8-9F9A-B817E3AB5BEA}.Release|x64.Build.0 = Release|Any CPU
		{07E313BC-8423-49D8-9F9A-B817E3AB5BEA}.Release|x86.ActiveCfg = Release|Any CPU
		{07E313BC-8423-49D8-9F9A-B817E3AB5BEA}.Release|x86.Build.0 = Release|Any CPU
		{AC9D5FC3-9E84-4C2E-ACDC-D5F6CB2DA43A}.Debug|Any CPU.ActiveCfg = Debug|Any CPU
		{AC9D5FC3-9E84-4C2E-ACDC-D5F6CB2DA43A}.Debug|Any CPU.Build.0 = Debug|Any CPU
		{AC9D5FC3-9E84-4C2E-ACDC-D5F6CB2DA43A}.Debug|x64.ActiveCfg = Debug|Any CPU
		{AC9D5FC3-9E84-4C2E-ACDC-D5F6CB2DA43A}.Debug|x64.Build.0 = Debug|Any CPU
		{AC9D5FC3-9E84-4C2E-ACDC-D5F6CB2DA43A}.Debug|x86.ActiveCfg = Debug|Any CPU
		{AC9D5FC3-9E84-4C2E-ACDC-D5F6CB2DA43A}.Debug|x86.Build.0 = Debug|Any CPU
		{AC9D5FC3-9E84-4C2E-ACDC-D5F6CB2DA43A}.Release|Any CPU.ActiveCfg = Release|Any CPU
		{AC9D5FC3-9E84-4C2E-ACDC-D5F6CB2DA43A}.Release|Any CPU.Build.0 = Release|Any CPU
		{AC9D5FC3-9E84-4C2E-ACDC-D5F6CB2DA43A}.Release|x64.ActiveCfg = Release|Any CPU
		{AC9D5FC3-9E84-4C2E-ACDC-D5F6CB2DA43A}.Release|x64.Build.0 = Release|Any CPU
		{AC9D5FC3-9E84-4C2E-ACDC-D5F6CB2DA43A}.Release|x86.ActiveCfg = Release|Any CPU
		{AC9D5FC3-9E84-4C2E-ACDC-D5F6CB2DA43A}.Release|x86.Build.0 = Release|Any CPU
		{43707BE0-053B-49C9-BB33-A830A67C8D97}.Debug|Any CPU.ActiveCfg = Debug|Any CPU
		{43707BE0-053B-49C9-BB33-A830A67C8D97}.Debug|Any CPU.Build.0 = Debug|Any CPU
		{43707BE0-053B-49C9-BB33-A830A67C8D97}.Debug|x64.ActiveCfg = Debug|Any CPU
		{43707BE0-053B-49C9-BB33-A830A67C8D97}.Debug|x64.Build.0 = Debug|Any CPU
		{43707BE0-053B-49C9-BB33-A830A67C8D97}.Debug|x86.ActiveCfg = Debug|Any CPU
		{43707BE0-053B-49C9-BB33-A830A67C8D97}.Debug|x86.Build.0 = Debug|Any CPU
		{43707BE0-053B-49C9-BB33-A830A67C8D97}.Release|Any CPU.ActiveCfg = Release|Any CPU
		{43707BE0-053B-49C9-BB33-A830A67C8D97}.Release|Any CPU.Build.0 = Release|Any CPU
		{43707BE0-053B-49C9-BB33-A830A67C8D97}.Release|x64.ActiveCfg = Release|Any CPU
		{43707BE0-053B-49C9-BB33-A830A67C8D97}.Release|x64.Build.0 = Release|Any CPU
		{43707BE0-053B-49C9-BB33-A830A67C8D97}.Release|x86.ActiveCfg = Release|Any CPU
		{43707BE0-053B-49C9-BB33-A830A67C8D97}.Release|x86.Build.0 = Release|Any CPU
	EndGlobalSection
	GlobalSection(SolutionProperties) = preSolution
		HideSolutionNode = FALSE
	EndGlobalSection
	GlobalSection(NestedProjects) = preSolution
		{E30B8BA7-CDCD-413B-8EED-BC177BC89A70} = {827E0CD3-B72D-47B6-A68D-7590B98EB39B}
		{B15B5B86-9B4A-43D8-AAFE-C5D1B3A4E2AF} = {8BC9CEB8-8B4A-11D0-8D11-00A0C91BC942}
		{73728E71-AFBD-4F9F-9D88-ADDACC7277F2} = {827E0CD3-B72D-47B6-A68D-7590B98EB39B}
		{FE2BF735-B1C4-4CAD-B32B-28C7B2F61026} = {827E0CD3-B72D-47B6-A68D-7590B98EB39B}
		{88E1F112-4CD1-4FD7-9442-60ABA39A7682} = {827E0CD3-B72D-47B6-A68D-7590B98EB39B}
		{462036CA-CD18-4A0A-8F54-A1D003961177} = {827E0CD3-B72D-47B6-A68D-7590B98EB39B}
		{742F7D2C-9BBF-4105-90B5-F8304E55CE7D} = {827E0CD3-B72D-47B6-A68D-7590B98EB39B}
		{07E313BC-8423-49D8-9F9A-B817E3AB5BEA} = {8BC9CEB8-8B4A-11D0-8D11-00A0C91BC942}
		{AC9D5FC3-9E84-4C2E-ACDC-D5F6CB2DA43A} = {8BC9CEB8-8B4A-11D0-8D11-00A0C91BC942}
		{43707BE0-053B-49C9-BB33-A830A67C8D97} = {827E0CD3-B72D-47B6-A68D-7590B98EB39B}
	EndGlobalSection
EndGlobal
